l    346   1170  2 0  n    867
l   1170    347  2 0  n    446
l   1723    346  2 0  n    869
l    347   1724  2 0  n    448
l   2735   1723  2 0  n    874
l   1724   2736  2 0  n    451
l   2569   2735  2 0  n    460
l   2736   2606  2 0  n      3
l   1725   2569  2 0  n    464
l   2606   2322  2 0  n     20
l   2322   1922  2 0  n     21
l   1004   1725  2 0  n    478
l    554   1004  2 0  n    498
l   1922   1251  2 0  n     38
l    387    554  2 0  n    492
l    359    387  2 0  n    524
l    348    359  2 0  n    525
l   1251    626  2 0  n     39
l    626    452  2 0  n     93
l    373    348  0 0  n    512
l    452    396  2 0  n     95
l    396    362  2 0  n     94
l    362    349  2 0  n     58
l   2887   2837  0 0  n   1056
l   3029   2887  0 0  n   1029
l   2837   2757  0 0  n   1057
l   2896   2775  0 0  n     59
l    400    373  0 0  n    660
l   2896   3020  0 0  n   1037
l    349    382  0 0  n     23
l   2757   2416  0 0  n   1044
l   3106   3029  0 0  n   1032
l   3047   3104  0 0  n   1051
l   3104   3152  0 0  n   1033
l   2775   2483  0 0  n     65
l    432    400  0 0  n    657
l   3120   3100  0 0  n   1052
l   2416   2138  0 0  n   1055
l   3020   3094  0 0  n   1043
l   1506   1642  0 0  n   1018
l   1435   1506  0 0  n   1025
l    980   1033  0 0  n   1322
l    932    980  0 0  n   1323
l    680    596  0 0  n   1408
l   1352   1435  0 0  n   1026
l    861    932  0 0  n   1280
l   1087   1033  0 0  n    803
l    596    531  0 0  n   1402
l    722    680  0 0  n   1409
l    754    861  0 0  n   1216
l   3017   3100  0 0  n    510
l   1352   1422  0 0  n    837
l    531    446  0 0  n   1364
l    652    754  0 0  n   1255
l    593    652  0 0  n   1276
l   1147   1087  0 0  n    853
l    541    593  0 0  n   1277
l   3140   3120  0 0  n   1053
l    446    382  0 0  n   1330
l   2138   1828  0 0  n   1054
l   1642   1878  0 0  n   1005
l   3153   3106  0 0  n   1030
l   1422   1483  0 0  n    796
l    571    541  0 0  n   1270
l    770    722  0 0  n   1406
l   3152   3180  0 0  n   1031
l   2948   3047  0 0  n   1049
l   1276   1147  0 0  n    767
l   2483   1907  0 0  n     66
l    590    571  0 0  n   1271
l   1828   1688  0 0  n   1072
l   1595   1483  0 0  n   1019
l   1688   1519  0 0  n   1073
l    863    770  0 0  n   1356
l   3139   3094  0 0  n     42
l    641    590  0 0  n   1167
l   1276   1399  0 0  n   1230
l   3164   3140  0 0  n   1042
l   1337   1519  0 0  n    210
l   3182   3153  0 0  n   1036
l   3180   3191  0 0  n   1035
l   2961   3017  0 0  n    570
l    517    432  0 0  n    627
l   1101   1337  0 0  n    274
l   1629   1907  0 0  n   1064
l    918    863  0 0  n   1403
l   3191   3182  0 0  n   1034
l   1399   1497  0 0  n   1222
l    693    641  0 0  n   1176
l   1189   1101  0 0  n    296
l   1595   1783  0 0  n    610
l   1878   2131  0 0  n   1002
l   1477   1629  0 0  n   1077
l   2882   2836  0 0  n    955
l   2834   2948  0 0  n   1050
l   2733   2836  0 0  n     99
l   1227   1189  0 0  n    421
l   3163   3139  0 0  n     44
l    382    449  0 0  n   1326
l   1001    918  0 0  n   1407
l   1383   1477  0 0  n   1094
l   3174   3164  0 0  n   1039
l   1267   1227  0 0  n    422
l   1267   1383  0 0  n   1096
l   1586   1497  0 0  n    709
l    732    693  0 0  n   1177
l   2131   2384  0 0  n   1016
l   2897   2961  0 0  n    618
l   3163   3174  0 0  n   1040
l   1082   1001  0 0  n   1400
l   2384   2535  0 0  n   1017
l   1857   1783  0 0  n   1010
l   1654   1586  0 0  n    710
l   2925   2882  0 0  n    921
l   2543   2733  0 0  n     97
l    780    732  0 0  n   1165
l   1183   1082  0 0  n   1401
l   2834   2752  0 0  n    580
l   2821   2897  0 0  n    619
l   2976   3021  0 0  n    892
l   1941   1857  0 0  n   1009
l   2535   2619  0 0  n   1015
l   2752   2700  0 0  n    737
l    818    780  0 0  n   1166
l   2810   2976  0 0  n    912
l   1377   1183  0 0  n   1358
l   1654   1801  0 0  n   1108
l   2965   2925  0 0  n    957
l   2197   2543  0 0  n     98
l   2821   2778  0 0  n   1066
l   2700   2619  0 0  n    738
l    678    517  0 0  n    624
l   2027   1941  0 0  n   1011
l   2619   2531  0 0  n   1023
l    870    818  0 0  n   1242
l   2778   2716  0 0  n   1067
l   2531   2389  0 0  n   1024
l   2996   2965  0 0  n    959
l   1518   1377  0 0  n   1359
l   1838   2197  0 0  n    126
l   2716   2626  0 0  n   1076
l   2125   2027  0 0  n   1012
l    923    870  0 0  n   1178
l   2389   2125  0 0  n   1013
l   1920   1801  0 0  n    638
l   3021   3053  0 0  n    882
l   2626   2520  0 0  n   1079
l   2810   2657  0 0  n    594
l   2158   2125  0 0  n   1084
l   2520   2339  0 0  n   1080
l   1000    923  0 0  n   1179
l   3044   2996  0 0  n    883
l   2014   1838  0 0  n    152
l   2190   2158  0 0  n   1087
l   2339   2190  0 0  n   1081
l   1920   1984  0 0  n   1227
l    449    645  0 0  n   1324
l   1755   1518  0 0  n   1335
l   2657   2342  0 0  n    595
l   3053   3065  0 0  n    891
l   1066   1000  0 0  n   1180
l   1984   2048  0 0  n   1224
l   3060   3044  0 0  n    888
l    805    678  0 0  n    629
l   3065   3060  0 0  n    886
l   2186   2014  0 0  n    110
l   2486   2342  0 0  n    962
l   1222   1066  0 0  n   1118
l   2167   2048  0 0  n    662
l   1850   1755  0 0  n   1354
l   2186   2316  0 0  n    975
l   1947   1850  0 0  n   1355
l   2565   2486  0 0  n    942
l   2244   2167  0 0  n    574
l   1366   1222  0 0  n   1117
l   1947   2049  0 0  n    134
l    938    805  0 0  n    625
l   2316   2462  0 0  n    945
l   2617   2565  0 0  n    946
l   1426   1366  0 0  n   1181
l   2312   2244  0 0  n    575
l    645    838  0 0  n   1325
l   2049   2147  0 0  n    135
l   1475   1426  0 0  n   1182
l   2462   2555  0 0  n    916
l   2653   2617  0 0  n    917
l   2381   2312  0 0  n    576
l   1510   1475  0 0  n   1183
l   2147   2266  0 0  n    137
l   2555   2586  0 0  n    993
l   1544   1510  0 0  n   1168
l   1029    938  0 0  n    585
l   2653   2682  0 0  n    561
l   2381   2438  0 0  n   1115
l   2586   2611  0 0  n    997
l   2611   2630  0 0  n    991
l   1583   1544  0 0  n   1164
l   2266   2319  0 0  n    175
l   2682   2692  0 0  n    564
l   2630   2651  0 0  n    999
l   2438   2475  0 0  n   1116
l   2651   2664  0 0  n    986
l   1599   1583  0 0  n   1169
l   2319   2344  0 0  n    304
l    838    939  0 0  n   1341
l   2690   2692  0 0  n    923
l   2664   2679  0 0  n    987
l   2679   2690  0 0  n    924
l   2344   2372  0 0  n    305
l   1099   1029  0 0  n    583
l   2291   2372  0 0  n   1414
l   2475   2493  0 0  n   1109
l   1625   1599  0 0  n   1184
l   2230   2291  0 0  n   1415
l   2493   2494  0 0  n   1158
l   2230   2089  0 0  n    256
l   2453   2443  0 0  n   1301
l   1643   1625  0 0  n   1185
l   2463   2453  0 0  n   1321
l   2323   2443  0 0  n    400
l   2463   2477  0 0  n    213
l   2477   2494  0 0  n    156
l   2089   1915  0 0  n    257
l   2236   2323  0 0  n    332
l    939   1043  0 0  n   1375
l   1915   1781  0 0  n    253
l   1148   1099  0 0  n    586
l   2236   2149  0 0  n   1262
l   1660   1643  0 0  n   1119
l   2007   2003  0 0  n   1316
l   2149   2098  0 0  n   1304
l   1893   2003  0 0  n    368
l   2016   2007  0 0  n   1315
l   1781   1628  0 0  n    258
l   2024   2016  0 0  n   1317
l   2098   2028  0 0  n   1305
l   2028   2024  0 0  n   1307
l   1807   1893  0 0  n    292
l   1628   1466  0 0  n    254
l   1466   1249  0 0  n    223
l   1807   1710  0 0  n   1287
l   1249   1043  0 0  n    224
l   1669   1660  0 0  n   1186
l   1710   1603  0 0  n   1311
l   1603   1613  0 0  n   1292
l   1043   1093  0 0  n    161
l   1674   1669  0 0  n   1170
l   1613   1626  0 0  n   1272
l   1171   1148  0 0  n    584
l   1626   1645  0 0  n   1243
l   1670   1674  0 0  n   1172
l   1645   1652  0 0  n   1244
l   1662   1670  0 0  n   1174
l   1652   1662  0 0  n   1175
l   1093   1132  0 0  n    149
l   1160   1171  0 0  n    147
l   1132   1160  0 0  n    148
end
