l    259    247 12 0  n    169
l    249    261 12 0  n    129
l    246    276 12 0  n    474
l    277    248 12 0  n    211
l    294    246 12 0  n    473
l    247    295 12 0  n    170
l    248    296 12 0  n    210
l    297    249 12 0  n    130
l    276    259 12 0  n    175
l    261    277 12 0  n    136
l    322    294 12 0  n    477
l    296    324 12 0  n    216
l    295    341 12 0  n    171
l    341    297 12 0  n    131
l    340    322 12 0  n    478
l    324    340 12 0  n    217
l    476    466  1 0  n   1383
l    467    477  1 0  n   1380
l    477    509  0 0  n    804
l    533    467  1 0  n   1386
l    530    476  0 0  n   1067
l    509    531  0 0  n    800
l    466    579  1 0  n   1390
l    476    589  1 0  n   1066
l    590    477  1 0  n    795
l    557    530  0 0  n   1068
l    531    558  0 0  n    796
l    580    533  1 0  n   1388
l    557    640  0 0  n    653
l    641    558  0 0  n    384
l    649    589  1 0  n   1399
l    650    590  1 0  n    807
l    579    676  1 0  n   1379
l    676    580  1 0  n   1398
l    684    649  1 0  n   1400
l    684    650  1 0  n    808
l    640    813  0 0  n    652
l    814    641  0 0  n    383
l    813    929  0 0  n    688
l    930    814  0 0  n    391
l    929   1088  0 0  n    689
l   1089    930  0 0  n    418
l   1088   1322  0 0  n    701
l   1323   1089  0 0  n    389
l   1322   1505  0 0  n    703
l   1506   1323  0 0  n    444
l   1505   1641  0 0  n    730
l   1642   1506  0 0  n    457
l   1641   1739  0 0  n    745
l   1741   1642  0 0  n    465
l   1739   1877  0 0  n    747
l   1878   1741  0 0  n    455
l   1873   1877  1 -1  n    754
l   1878   1874  1 1  n    777
l   1960   1873  1 -1  n    768
l   1874   1961  1 1  n    787
l   1877   2036  1 -1  n    753
l   2037   1878  1 1  n    782
l   2031   1960  1 -1  n    767
l   1961   2032  1 1  n    792
l   2175   2031  1 -1  n    755
l   2032   2176  1 1  n    774
l   2036   2180  1 -1  n    765
l   2181   2037  1 1  n    789
l   2180   2255  1 -1  n    770
l   2331   2175  1 -1  n    752
l   2176   2332  1 1  n    778
l   2336   2181  1 1  n    791
l   2255   2335  1 -1  n    771
l   2400   2331  1 -1  n    773
l   2332   2458  1 1  n    785
l   2335   2463  1 -1  n    761
l   2464   2336  1 1  n    776
l   2457   2400  1 -1  n    763
l   2457   2463  1 -1  n    726
l   2464   2458  1 1  n    448
l   2533   2464  0 0  n    454
l   2463   2594  0 0  n    734
l   2595   2533  0 0  n    471
l   2594   2641  0 0  n    741
l   2677   2595  0 0  n    453
l   2641   2676  0 0  n    750
l   2719   2677  0 0  n    460
l   2676   2734  0 0  n    702
l   2734   2719  0 0  n    461
end
